
Microsoft Visual Studio Solution File, Format Version 12.00
# Visual Studio Version 17
VisualStudioVersion = 17.4.33213.308
MinimumVisualStudioVersion = 10.0.40219.1
Project("{FAE04EC0-301F-11D3-BF4B-00C04F79EFBC}") = "StudentAdminPortal.API", "StudentAdminPortal.API\StudentAdminPortal.API.csproj", "{7D8746C6-D445-47FC-BB9A-56763C9163A1}"
EndProject
Global
	GlobalSection(SolutionConfigurationPlatforms) = preSolution
		Debug|Any CPU = Debug|Any CPU
		Release|Any CPU = Release|Any CPU
	EndGlobalSection
	GlobalSection(ProjectConfigurationPlatforms) = postSolution
		{7D8746C6-D445-47FC-BB9A-56763C9163A1}.Debug|Any CPU.ActiveCfg = Debug|Any CPU
		{7D8746C6-D445-47FC-BB9A-56763C9163A1}.Debug|Any CPU.Build.0 = Debug|Any CPU
		{7D8746C6-D445-47FC-BB9A-56763C9163A1}.Release|Any CPU.ActiveCfg = Release|Any CPU
		{7D8746C6-D445-47FC-BB9A-56763C9163A1}.Release|Any CPU.Build.0 = Release|Any CPU
	EndGlobalSection
	GlobalSection(SolutionProperties) = preSolution
		HideSolutionNode = FALSE
	EndGlobalSection
	GlobalSection(ExtensibilityGlobals) = postSolution
		SolutionGuid = {FECD53FA-5AB4-42B1-931A-4E85A775DE7A}
	EndGlobalSection
EndGlobal
